<?xml version="1.0" encoding="utf-8"?>
<Project ToolsVersion="4.0" xmlns="http://schemas.microsoft.com/developer/msbuild/2003">
  <ItemGroup>
    <Filter Include="headers">
      <UniqueIdentifier>{93995380-89BD-4b04-88EB-625FBE52EBFB}</UniqueIdentifier>
      <Extensions>h;hh;hpp;hxx;h++;hm;inl;inc;ipp;xsd</Extensions>
    </Filter>
    <Filter Include="sources">
      <UniqueIdentifier>{4FC737F1-C7A5-4376-A066-2A32D752A2FF}</UniqueIdentifier>
      <Extensions>cpp;c;cc;cxx;c++;cppm;ixx;def;odl;idl;hpj;bat;asm;asmx</Extensions>
    </Filter>
    <Filter Include="resources">
      <UniqueIdentifier>{67DA6AB6-F800-4c08-8B7A-83BB121AAD01}</UniqueIdentifier>
      <Extensions>rc;ico;cur;bmp;dlg;rc2;rct;bin;rgs;gif;jpg;jpeg;jpe;resx;tiff;tif;png;wav;mfcribbon-ms</Extensions>
    </Filter>
    <Filter Include="resources\shaders">
      <UniqueIdentifier>{1c5bdb98-47e0-4f77-a25f-f9d95847c01f}</UniqueIdentifier>
    </Filter>
    <Filter Include="resources\textures">
      <UniqueIdentifier>{c6ad1640-cfd3-4d4a-85a9-2cf21a2eda06}</UniqueIdentifier>
    </Filter>
    <Filter Include="sources\other">
      <UniqueIdentifier>{874f8ba7-3811-44ea-a258-20f377bfd4f8}</UniqueIdentifier>
    </Filter>
    <Filter Include="sources\other\stb_image">
      <UniqueIdentifier>{9f3e8428-d46f-41bc-802f-5aa9863674b5}</UniqueIdentifier>
    </Filter>
  </ItemGroup>
  <ItemGroup>
    <ClCompile Include="..\code\main.cpp">
      <Filter>sources</Filter>
    </ClCompile>
    <ClCompile Include="..\code\Renderer.cpp">
      <Filter>sources</Filter>
    </ClCompile>
    <ClCompile Include="..\code\VertexBuffer.cpp">
      <Filter>sources</Filter>
    </ClCompile>
    <ClCompile Include="..\code\IndexBuffer.cpp">
      <Filter>sources</Filter>
    </ClCompile>
    <ClCompile Include="..\code\VertexArray.cpp">
      <Filter>sources</Filter>
    </ClCompile>
    <ClCompile Include="..\code\Shader.cpp">
      <Filter>sources</Filter>
    </ClCompile>
    <ClCompile Include="..\code\headers\other\stb_image.cpp">
      <Filter>sources\other\stb_image</Filter>
    </ClCompile>
    <ClCompile Include="..\code\Texture.cpp">
      <Filter>sources</Filter>
    </ClCompile>
    <ClCompile Include="..\code\Transform.cpp">
      <Filter>sources</Filter>
    </ClCompile>
    <ClCompile Include="..\code\Mesh.cpp">
      <Filter>sources</Filter>
    </ClCompile>
    <ClCompile Include="..\code\Camera.cpp">
      <Filter>sources</Filter>
    </ClCompile>
    <ClCompile Include="..\code\OpenGLDebugger.cpp">
      <Filter>sources</Filter>
    </ClCompile>
    <ClCompile Include="..\code\Model.cpp">
      <Filter>sources</Filter>
    </ClCompile>
    <ClCompile Include="..\code\Light.cpp">
      <Filter>sources</Filter>
    </ClCompile>
  </ItemGroup>
  <ItemGroup>
    <None Include="..\code\shaders\Basic.shader">
      <Filter>resources\shaders</Filter>
    </None>
    <None Include="..\code\shaders\BasicTexture.shader">
      <Filter>resources\shaders</Filter>
    </None>
    <None Include="..\code\shaders\PhongColor.shader">
      <Filter>resources\shaders</Filter>
    </None>
    <None Include="..\code\shaders\PhongTexture.shader">
      <Filter>resources\shaders</Filter>
    </None>
  </ItemGroup>
  <ItemGroup>
    <ClInclude Include="..\code\headers\Renderer.h">
      <Filter>headers</Filter>
    </ClInclude>
    <ClInclude Include="..\code\headers\VertexBuffer.h">
      <Filter>headers</Filter>
    </ClInclude>
    <ClInclude Include="..\code\headers\IndexBuffer.h">
      <Filter>headers</Filter>
    </ClInclude>
    <ClInclude Include="..\code\headers\VertexArray.h">
      <Filter>headers</Filter>
    </ClInclude>
    <ClInclude Include="..\code\headers\VertexBufferLayout.h">
      <Filter>headers</Filter>
    </ClInclude>
    <ClInclude Include="..\code\headers\Shader.h">
      <Filter>headers</Filter>
    </ClInclude>
    <ClInclude Include="..\code\headers\other\stb_image.h">
      <Filter>sources\other\stb_image</Filter>
    </ClInclude>
    <ClInclude Include="..\code\headers\Texture.h">
      <Filter>headers</Filter>
    </ClInclude>
    <ClInclude Include="..\code\headers\Transform.h">
      <Filter>headers</Filter>
    </ClInclude>
    <ClInclude Include="..\code\headers\Mesh.h">
      <Filter>headers</Filter>
    </ClInclude>
    <ClInclude Include="..\code\headers\Camera.h">
      <Filter>headers</Filter>
    </ClInclude>
    <ClInclude Include="..\code\headers\OpenGLDebugger.h">
      <Filter>headers</Filter>
    </ClInclude>
    <ClInclude Include="..\code\headers\Model.h">
      <Filter>headers</Filter>
    </ClInclude>
    <ClInclude Include="..\code\headers\Light.h">
      <Filter>headers</Filter>
    </ClInclude>
  </ItemGroup>
  <ItemGroup>
    <Image Include="..\resources\textures\ciri.jpg">
      <Filter>resources\textures</Filter>
    </Image>
  </ItemGroup>
</Project>